
Microsoft Visual Studio Solution File, Format Version 12.00
# Visual Studio Version 17
VisualStudioVersion = 17.13.35931.197
MinimumVisualStudioVersion = 10.0.40219.1
Project("{FAE04EC0-301F-11D3-BF4B-00C04F79EFBC}") = "MauiSsoLibrary", "MauiSsoLibrary.csproj", "{08289162-1846-4129-B5E5-7CB79DF99900}"
EndProject
Project("{FAE04EC0-301F-11D3-BF4B-00C04F79EFBC}") = "MauiSsoTestApp", "..\MauiSsoTestApp\MauiSsoTestApp.csproj", "{206D5B32-EDD9-4276-87B9-724D6AFA8667}"
EndProject
Global
	GlobalSection(SolutionConfigurationPlatforms) = preSolution
		Debug|Any CPU = Debug|Any CPU
		Release|Any CPU = Release|Any CPU
	EndGlobalSection
	GlobalSection(ProjectConfigurationPlatforms) = postSolution
		{08289162-1846-4129-B5E5-7CB79DF99900}.Debug|Any CPU.ActiveCfg = Debug|Any CPU
		{08289162-1846-4129-B5E5-7CB79DF99900}.Debug|Any CPU.Build.0 = Debug|Any CPU
		{08289162-1846-4129-B5E5-7CB79DF99900}.Release|Any CPU.ActiveCfg = Release|Any CPU
		{08289162-1846-4129-B5E5-7CB79DF99900}.Release|Any CPU.Build.0 = Release|Any CPU
		{206D5B32-EDD9-4276-87B9-724D6AFA8667}.Debug|Any CPU.ActiveCfg = Debug|Any CPU
		{206D5B32-EDD9-4276-87B9-724D6AFA8667}.Debug|Any CPU.Build.0 = Debug|Any CPU
		{206D5B32-EDD9-4276-87B9-724D6AFA8667}.Release|Any CPU.ActiveCfg = Release|Any CPU
		{206D5B32-EDD9-4276-87B9-724D6AFA8667}.Release|Any CPU.Build.0 = Release|Any CPU
	EndGlobalSection
	GlobalSection(SolutionProperties) = preSolution
		HideSolutionNode = FALSE
	EndGlobalSection
	GlobalSection(ExtensibilityGlobals) = postSolution
		SolutionGuid = {8971A4AB-781F-4917-B563-5BEFEB2E6B5B}
	EndGlobalSection
EndGlobal
